// !$*UTF8*$!
{
	archiveVersion = 1;
	classes = {
	};
	objectVersion = 46;
	objects = {

/* Begin PBXBuildFile section */
		021D2F831D255034008CE5B0 /* main.m in Sources */ = {isa = PBXBuildFile; fileRef = 021D2F821D255034008CE5B0 /* main.m */; };
		021D2F861D255034008CE5B0 /* AppDelegate.m in Sources */ = {isa = PBXBuildFile; fileRef = 021D2F851D255034008CE5B0 /* AppDelegate.m */; };
		021D2F891D255034008CE5B0 /* CameraViewController.mm in Sources */ = {isa = PBXBuildFile; fileRef = 021D2F881D255034008CE5B0 /* CameraViewController.mm */; };
		021D2F8C1D255034008CE5B0 /* Main.storyboard in Resources */ = {isa = PBXBuildFile; fileRef = 021D2F8A1D255034008CE5B0 /* Main.storyboard */; };
		021D2F8E1D255034008CE5B0 /* Assets.xcassets in Resources */ = {isa = PBXBuildFile; fileRef = 021D2F8D1D255034008CE5B0 /* Assets.xcassets */; };
		021D2F911D255034008CE5B0 /* LaunchScreen.storyboard in Resources */ = {isa = PBXBuildFile; fileRef = 021D2F8F1D255034008CE5B0 /* LaunchScreen.storyboard */; };
		024188621D303AF80006C00B /* NavigationBar.m in Sources */ = {isa = PBXBuildFile; fileRef = 024188611D303AF80006C00B /* NavigationBar.m */; };
		024188651D3040BD0006C00B /* Slider.m in Sources */ = {isa = PBXBuildFile; fileRef = 024188641D3040BD0006C00B /* Slider.m */; };
		024188681D30470A0006C00B /* Color.m in Sources */ = {isa = PBXBuildFile; fileRef = 024188671D30470A0006C00B /* Color.m */; };
		02A057AD1D257DC000DD16B4 /* BezierSplineBuilder.cpp in Sources */ = {isa = PBXBuildFile; fileRef = 02A057921D257DBF00DD16B4 /* BezierSplineBuilder.cpp */; };
		02A057B01D257DC000DD16B4 /* Document.cpp in Sources */ = {isa = PBXBuildFile; fileRef = 02A057971D257DBF00DD16B4 /* Document.cpp */; };
		02A057B11D257DC000DD16B4 /* Editor.cpp in Sources */ = {isa = PBXBuildFile; fileRef = 02A057991D257DBF00DD16B4 /* Editor.cpp */; };
		02A057B31D257DC000DD16B4 /* Filter.cpp in Sources */ = {isa = PBXBuildFile; fileRef = 02A0579D1D257DBF00DD16B4 /* Filter.cpp */; };
		02A057B51D257DC000DD16B4 /* Illustrace.cpp in Sources */ = {isa = PBXBuildFile; fileRef = 02A057A11D257DBF00DD16B4 /* Illustrace.cpp */; };
		02A057B61D257DC000DD16B4 /* Log.cpp in Sources */ = {isa = PBXBuildFile; fileRef = 02A057A31D257DBF00DD16B4 /* Log.cpp */; };
		02A057B81D257DC000DD16B4 /* SVGWriter.cpp in Sources */ = {isa = PBXBuildFile; fileRef = 02A057AA1D257DBF00DD16B4 /* SVGWriter.cpp */; };
		02A057BA1D257E5300DD16B4 /* libxml2.tbd in Frameworks */ = {isa = PBXBuildFile; fileRef = 02A057B91D257E5300DD16B4 /* libxml2.tbd */; };
		02C884151D25555600BBB439 /* opencv2.framework in Frameworks */ = {isa = PBXBuildFile; fileRef = 02C884141D25555600BBB439 /* opencv2.framework */; };
		02C884171D25566300BBB439 /* AVFoundation.framework in Frameworks */ = {isa = PBXBuildFile; fileRef = 02C884161D25566300BBB439 /* AVFoundation.framework */; };
		02C884191D25568600BBB439 /* CoreMedia.framework in Frameworks */ = {isa = PBXBuildFile; fileRef = 02C884181D25568600BBB439 /* CoreMedia.framework */; };
		02C8841B1D2556A500BBB439 /* AssetsLibrary.framework in Frameworks */ = {isa = PBXBuildFile; fileRef = 02C8841A1D2556A500BBB439 /* AssetsLibrary.framework */; };
/* End PBXBuildFile section */

/* Begin PBXFileReference section */
		021D2F7E1D255034008CE5B0 /* illusTrace.app */ = {isa = PBXFileReference; explicitFileType = wrapper.application; includeInIndex = 0; path = illusTrace.app; sourceTree = BUILT_PRODUCTS_DIR; };
		021D2F821D255034008CE5B0 /* main.m */ = {isa = PBXFileReference; lastKnownFileType = sourcecode.c.objc; path = main.m; sourceTree = "<group>"; };
		021D2F841D255034008CE5B0 /* AppDelegate.h */ = {isa = PBXFileReference; lastKnownFileType = sourcecode.c.h; path = AppDelegate.h; sourceTree = "<group>"; };
		021D2F851D255034008CE5B0 /* AppDelegate.m */ = {isa = PBXFileReference; lastKnownFileType = sourcecode.c.objc; path = AppDelegate.m; sourceTree = "<group>"; };
		021D2F871D255034008CE5B0 /* CameraViewController.h */ = {isa = PBXFileReference; lastKnownFileType = sourcecode.c.h; path = CameraViewController.h; sourceTree = "<group>"; };
		021D2F881D255034008CE5B0 /* CameraViewController.mm */ = {isa = PBXFileReference; lastKnownFileType = sourcecode.cpp.objcpp; path = CameraViewController.mm; sourceTree = "<group>"; };
		021D2F8B1D255034008CE5B0 /* Base */ = {isa = PBXFileReference; lastKnownFileType = file.storyboard; name = Base; path = Base.lproj/Main.storyboard; sourceTree = "<group>"; };
		021D2F8D1D255034008CE5B0 /* Assets.xcassets */ = {isa = PBXFileReference; lastKnownFileType = folder.assetcatalog; path = Assets.xcassets; sourceTree = "<group>"; };
		021D2F901D255034008CE5B0 /* Base */ = {isa = PBXFileReference; lastKnownFileType = file.storyboard; name = Base; path = Base.lproj/LaunchScreen.storyboard; sourceTree = "<group>"; };
		021D2F921D255034008CE5B0 /* Info.plist */ = {isa = PBXFileReference; lastKnownFileType = text.plist.xml; path = Info.plist; sourceTree = "<group>"; };
		024188601D303AF80006C00B /* NavigationBar.h */ = {isa = PBXFileReference; fileEncoding = 4; lastKnownFileType = sourcecode.c.h; path = NavigationBar.h; sourceTree = "<group>"; };
		024188611D303AF80006C00B /* NavigationBar.m */ = {isa = PBXFileReference; fileEncoding = 4; lastKnownFileType = sourcecode.c.objc; path = NavigationBar.m; sourceTree = "<group>"; };
		024188631D3040BD0006C00B /* Slider.h */ = {isa = PBXFileReference; fileEncoding = 4; lastKnownFileType = sourcecode.c.h; path = Slider.h; sourceTree = "<group>"; };
		024188641D3040BD0006C00B /* Slider.m */ = {isa = PBXFileReference; fileEncoding = 4; lastKnownFileType = sourcecode.c.objc; path = Slider.m; sourceTree = "<group>"; };
		024188661D30470A0006C00B /* Color.h */ = {isa = PBXFileReference; fileEncoding = 4; lastKnownFileType = sourcecode.c.h; path = Color.h; sourceTree = "<group>"; };
		024188671D30470A0006C00B /* Color.m */ = {isa = PBXFileReference; fileEncoding = 4; lastKnownFileType = sourcecode.c.objc; path = Color.m; sourceTree = "<group>"; };
		02A057921D257DBF00DD16B4 /* BezierSplineBuilder.cpp */ = {isa = PBXFileReference; fileEncoding = 4; lastKnownFileType = sourcecode.cpp.cpp; path = BezierSplineBuilder.cpp; sourceTree = "<group>"; };
		02A057931D257DBF00DD16B4 /* BezierSplineBuilder.h */ = {isa = PBXFileReference; fileEncoding = 4; lastKnownFileType = sourcecode.c.h; path = BezierSplineBuilder.h; sourceTree = "<group>"; };
		02A057971D257DBF00DD16B4 /* Document.cpp */ = {isa = PBXFileReference; fileEncoding = 4; lastKnownFileType = sourcecode.cpp.cpp; path = Document.cpp; sourceTree = "<group>"; };
		02A057981D257DBF00DD16B4 /* Document.h */ = {isa = PBXFileReference; fileEncoding = 4; lastKnownFileType = sourcecode.c.h; path = Document.h; sourceTree = "<group>"; };
		02A057991D257DBF00DD16B4 /* Editor.cpp */ = {isa = PBXFileReference; fileEncoding = 4; lastKnownFileType = sourcecode.cpp.cpp; path = Editor.cpp; sourceTree = "<group>"; };
		02A0579A1D257DBF00DD16B4 /* Editor.h */ = {isa = PBXFileReference; fileEncoding = 4; lastKnownFileType = sourcecode.c.h; path = Editor.h; sourceTree = "<group>"; };
		02A0579D1D257DBF00DD16B4 /* Filter.cpp */ = {isa = PBXFileReference; fileEncoding = 4; lastKnownFileType = sourcecode.cpp.cpp; path = Filter.cpp; sourceTree = "<group>"; };
		02A0579E1D257DBF00DD16B4 /* Filter.h */ = {isa = PBXFileReference; fileEncoding = 4; lastKnownFileType = sourcecode.c.h; path = Filter.h; sourceTree = "<group>"; };
		02A057A11D257DBF00DD16B4 /* Illustrace.cpp */ = {isa = PBXFileReference; fileEncoding = 4; lastKnownFileType = sourcecode.cpp.cpp; path = Illustrace.cpp; sourceTree = "<group>"; };
		02A057A21D257DBF00DD16B4 /* Illustrace.h */ = {isa = PBXFileReference; fileEncoding = 4; lastKnownFileType = sourcecode.c.h; path = Illustrace.h; sourceTree = "<group>"; };
		02A057A31D257DBF00DD16B4 /* Log.cpp */ = {isa = PBXFileReference; fileEncoding = 4; lastKnownFileType = sourcecode.cpp.cpp; path = Log.cpp; sourceTree = "<group>"; };
		02A057A41D257DBF00DD16B4 /* Log.h */ = {isa = PBXFileReference; fileEncoding = 4; lastKnownFileType = sourcecode.c.h; path = Log.h; sourceTree = "<group>"; };
		02A057A51D257DBF00DD16B4 /* Observable.h */ = {isa = PBXFileReference; fileEncoding = 4; lastKnownFileType = sourcecode.c.h; path = Observable.h; sourceTree = "<group>"; };
		02A057A61D257DBF00DD16B4 /* Observer.h */ = {isa = PBXFileReference; fileEncoding = 4; lastKnownFileType = sourcecode.c.h; path = Observer.h; sourceTree = "<group>"; };
		02A057A91D257DBF00DD16B4 /* PaintMaskBuilder.h */ = {isa = PBXFileReference; fileEncoding = 4; lastKnownFileType = sourcecode.c.h; path = PaintMaskBuilder.h; sourceTree = "<group>"; };
		02A057AA1D257DBF00DD16B4 /* SVGWriter.cpp */ = {isa = PBXFileReference; fileEncoding = 4; lastKnownFileType = sourcecode.cpp.cpp; path = SVGWriter.cpp; sourceTree = "<group>"; };
		02A057AB1D257DBF00DD16B4 /* SVGWriter.h */ = {isa = PBXFileReference; fileEncoding = 4; lastKnownFileType = sourcecode.c.h; path = SVGWriter.h; sourceTree = "<group>"; };
		02A057AC1D257DBF00DD16B4 /* Util.h */ = {isa = PBXFileReference; fileEncoding = 4; lastKnownFileType = sourcecode.c.h; path = Util.h; sourceTree = "<group>"; };
		02A057B91D257E5300DD16B4 /* libxml2.tbd */ = {isa = PBXFileReference; lastKnownFileType = "sourcecode.text-based-dylib-definition"; name = libxml2.tbd; path = usr/lib/libxml2.tbd; sourceTree = SDKROOT; };
		02C884141D25555600BBB439 /* opencv2.framework */ = {isa = PBXFileReference; lastKnownFileType = wrapper.framework; path = opencv2.framework; sourceTree = "<group>"; };
		02C884161D25566300BBB439 /* AVFoundation.framework */ = {isa = PBXFileReference; lastKnownFileType = wrapper.framework; name = AVFoundation.framework; path = System/Library/Frameworks/AVFoundation.framework; sourceTree = SDKROOT; };
		02C884181D25568600BBB439 /* CoreMedia.framework */ = {isa = PBXFileReference; lastKnownFileType = wrapper.framework; name = CoreMedia.framework; path = System/Library/Frameworks/CoreMedia.framework; sourceTree = SDKROOT; };
		02C8841A1D2556A500BBB439 /* AssetsLibrary.framework */ = {isa = PBXFileReference; lastKnownFileType = wrapper.framework; name = AssetsLibrary.framework; path = System/Library/Frameworks/AssetsLibrary.framework; sourceTree = SDKROOT; };
/* End PBXFileReference section */

/* Begin PBXFrameworksBuildPhase section */
		021D2F7B1D255034008CE5B0 /* Frameworks */ = {
			isa = PBXFrameworksBuildPhase;
			buildActionMask = 2147483647;
			files = (
				02A057BA1D257E5300DD16B4 /* libxml2.tbd in Frameworks */,
				02C8841B1D2556A500BBB439 /* AssetsLibrary.framework in Frameworks */,
				02C884191D25568600BBB439 /* CoreMedia.framework in Frameworks */,
				02C884171D25566300BBB439 /* AVFoundation.framework in Frameworks */,
				02C884151D25555600BBB439 /* opencv2.framework in Frameworks */,
			);
			runOnlyForDeploymentPostprocessing = 0;
		};
/* End PBXFrameworksBuildPhase section */

/* Begin PBXGroup section */
		021D2F751D255034008CE5B0 = {
			isa = PBXGroup;
			children = (
				02C8841A1D2556A500BBB439 /* AssetsLibrary.framework */,
				02C884181D25568600BBB439 /* CoreMedia.framework */,
				02C884161D25566300BBB439 /* AVFoundation.framework */,
				02C884141D25555600BBB439 /* opencv2.framework */,
				02A057B91D257E5300DD16B4 /* libxml2.tbd */,
				021D2F801D255034008CE5B0 /* illusTrace */,
				02A057911D257DBF00DD16B4 /* core */,
				021D2F7F1D255034008CE5B0 /* Products */,
			);
			sourceTree = "<group>";
		};
		021D2F7F1D255034008CE5B0 /* Products */ = {
			isa = PBXGroup;
			children = (
				021D2F7E1D255034008CE5B0 /* illusTrace.app */,
			);
			name = Products;
			sourceTree = "<group>";
		};
		021D2F801D255034008CE5B0 /* illusTrace */ = {
			isa = PBXGroup;
			children = (
				0241885F1D303ADF0006C00B /* Component */,
				021D2F841D255034008CE5B0 /* AppDelegate.h */,
				021D2F851D255034008CE5B0 /* AppDelegate.m */,
				021D2F871D255034008CE5B0 /* CameraViewController.h */,
				021D2F881D255034008CE5B0 /* CameraViewController.mm */,
				021D2F8A1D255034008CE5B0 /* Main.storyboard */,
				021D2F8D1D255034008CE5B0 /* Assets.xcassets */,
				021D2F8F1D255034008CE5B0 /* LaunchScreen.storyboard */,
				021D2F921D255034008CE5B0 /* Info.plist */,
				021D2F811D255034008CE5B0 /* Supporting Files */,
			);
			path = illusTrace;
			sourceTree = "<group>";
		};
		021D2F811D255034008CE5B0 /* Supporting Files */ = {
			isa = PBXGroup;
			children = (
				021D2F821D255034008CE5B0 /* main.m */,
			);
			name = "Supporting Files";
			sourceTree = "<group>";
		};
		0241885F1D303ADF0006C00B /* Component */ = {
			isa = PBXGroup;
			children = (
				024188601D303AF80006C00B /* NavigationBar.h */,
				024188611D303AF80006C00B /* NavigationBar.m */,
				024188631D3040BD0006C00B /* Slider.h */,
				024188641D3040BD0006C00B /* Slider.m */,
				024188661D30470A0006C00B /* Color.h */,
				024188671D30470A0006C00B /* Color.m */,
			);
			path = Component;
			sourceTree = "<group>";
		};
		02A057911D257DBF00DD16B4 /* core */ = {
			isa = PBXGroup;
			children = (
				02A057921D257DBF00DD16B4 /* BezierSplineBuilder.cpp */,
				02A057931D257DBF00DD16B4 /* BezierSplineBuilder.h */,
				02A057971D257DBF00DD16B4 /* Document.cpp */,
				02A057981D257DBF00DD16B4 /* Document.h */,
				02A057991D257DBF00DD16B4 /* Editor.cpp */,
				02A0579A1D257DBF00DD16B4 /* Editor.h */,
				02A0579D1D257DBF00DD16B4 /* Filter.cpp */,
				02A0579E1D257DBF00DD16B4 /* Filter.h */,
				02A057A11D257DBF00DD16B4 /* Illustrace.cpp */,
				02A057A21D257DBF00DD16B4 /* Illustrace.h */,
				02A057A31D257DBF00DD16B4 /* Log.cpp */,
				02A057A41D257DBF00DD16B4 /* Log.h */,
				02A057A51D257DBF00DD16B4 /* Observable.h */,
				02A057A61D257DBF00DD16B4 /* Observer.h */,
				02A057A91D257DBF00DD16B4 /* PaintMaskBuilder.h */,
				02A057AA1D257DBF00DD16B4 /* SVGWriter.cpp */,
				02A057AB1D257DBF00DD16B4 /* SVGWriter.h */,
				02A057AC1D257DBF00DD16B4 /* Util.h */,
			);
			name = core;
			path = ../core;
			sourceTree = "<group>";
		};
/* End PBXGroup section */

/* Begin PBXNativeTarget section */
		021D2F7D1D255034008CE5B0 /* illusTrace */ = {
			isa = PBXNativeTarget;
			buildConfigurationList = 021D2F951D255034008CE5B0 /* Build configuration list for PBXNativeTarget "illusTrace" */;
			buildPhases = (
				021D2F7A1D255034008CE5B0 /* Sources */,
				021D2F7B1D255034008CE5B0 /* Frameworks */,
				021D2F7C1D255034008CE5B0 /* Resources */,
			);
			buildRules = (
			);
			dependencies = (
			);
			name = illusTrace;
			productName = illusTrace;
			productReference = 021D2F7E1D255034008CE5B0 /* illusTrace.app */;
			productType = "com.apple.product-type.application";
		};
/* End PBXNativeTarget section */

/* Begin PBXProject section */
		021D2F761D255034008CE5B0 /* Project object */ = {
			isa = PBXProject;
			attributes = {
				LastUpgradeCheck = 0730;
				ORGANIZATIONNAME = "Noriyoshi Abe";
				TargetAttributes = {
					021D2F7D1D255034008CE5B0 = {
						CreatedOnToolsVersion = 7.3.1;
						DevelopmentTeam = 63F66NTY34;
					};
				};
			};
			buildConfigurationList = 021D2F791D255034008CE5B0 /* Build configuration list for PBXProject "illusTrace" */;
			compatibilityVersion = "Xcode 3.2";
			developmentRegion = English;
			hasScannedForEncodings = 0;
			knownRegions = (
				en,
				Base,
			);
			mainGroup = 021D2F751D255034008CE5B0;
			productRefGroup = 021D2F7F1D255034008CE5B0 /* Products */;
			projectDirPath = "";
			projectRoot = "";
			targets = (
				021D2F7D1D255034008CE5B0 /* illusTrace */,
			);
		};
/* End PBXProject section */

/* Begin PBXResourcesBuildPhase section */
		021D2F7C1D255034008CE5B0 /* Resources */ = {
			isa = PBXResourcesBuildPhase;
			buildActionMask = 2147483647;
			files = (
				021D2F911D255034008CE5B0 /* LaunchScreen.storyboard in Resources */,
				021D2F8E1D255034008CE5B0 /* Assets.xcassets in Resources */,
				021D2F8C1D255034008CE5B0 /* Main.storyboard in Resources */,
			);
			runOnlyForDeploymentPostprocessing = 0;
		};
/* End PBXResourcesBuildPhase section */

/* Begin PBXSourcesBuildPhase section */
		021D2F7A1D255034008CE5B0 /* Sources */ = {
			isa = PBXSourcesBuildPhase;
			buildActionMask = 2147483647;
			files = (
				02A057B51D257DC000DD16B4 /* Illustrace.cpp in Sources */,
				02A057B11D257DC000DD16B4 /* Editor.cpp in Sources */,
				021D2F891D255034008CE5B0 /* CameraViewController.mm in Sources */,
				021D2F861D255034008CE5B0 /* AppDelegate.m in Sources */,
				02A057B31D257DC000DD16B4 /* Filter.cpp in Sources */,
				024188681D30470A0006C00B /* Color.m in Sources */,
				02A057B61D257DC000DD16B4 /* Log.cpp in Sources */,
				02A057B01D257DC000DD16B4 /* Document.cpp in Sources */,
				021D2F831D255034008CE5B0 /* main.m in Sources */,
				02A057AD1D257DC000DD16B4 /* BezierSplineBuilder.cpp in Sources */,
				024188621D303AF80006C00B /* NavigationBar.m in Sources */,
				024188651D3040BD0006C00B /* Slider.m in Sources */,
				02A057B81D257DC000DD16B4 /* SVGWriter.cpp in Sources */,
			);
			runOnlyForDeploymentPostprocessing = 0;
		};
/* End PBXSourcesBuildPhase section */

/* Begin PBXVariantGroup section */
		021D2F8A1D255034008CE5B0 /* Main.storyboard */ = {
			isa = PBXVariantGroup;
			children = (
				021D2F8B1D255034008CE5B0 /* Base */,
			);
			name = Main.storyboard;
			sourceTree = "<group>";
		};
		021D2F8F1D255034008CE5B0 /* LaunchScreen.storyboard */ = {
			isa = PBXVariantGroup;
			children = (
				021D2F901D255034008CE5B0 /* Base */,
			);
			name = LaunchScreen.storyboard;
			sourceTree = "<group>";
		};
/* End PBXVariantGroup section */

/* Begin XCBuildConfiguration section */
		021D2F931D255034008CE5B0 /* Debug */ = {
			isa = XCBuildConfiguration;
			buildSettings = {
				ALWAYS_SEARCH_USER_PATHS = NO;
				CLANG_ANALYZER_NONNULL = YES;
				CLANG_CXX_LANGUAGE_STANDARD = "gnu++0x";
				CLANG_CXX_LIBRARY = "libc++";
				CLANG_ENABLE_MODULES = YES;
				CLANG_ENABLE_OBJC_ARC = YES;
				CLANG_WARN_BOOL_CONVERSION = YES;
				CLANG_WARN_CONSTANT_CONVERSION = YES;
				CLANG_WARN_DIRECT_OBJC_ISA_USAGE = YES_ERROR;
				CLANG_WARN_EMPTY_BODY = YES;
				CLANG_WARN_ENUM_CONVERSION = YES;
				CLANG_WARN_INT_CONVERSION = YES;
				CLANG_WARN_OBJC_ROOT_CLASS = YES_ERROR;
				CLANG_WARN_UNREACHABLE_CODE = YES;
				CLANG_WARN__DUPLICATE_METHOD_MATCH = YES;
				"CODE_SIGN_IDENTITY[sdk=iphoneos*]" = "iPhone Developer";
				COPY_PHASE_STRIP = NO;
				DEBUG_INFORMATION_FORMAT = dwarf;
				ENABLE_STRICT_OBJC_MSGSEND = YES;
				ENABLE_TESTABILITY = YES;
				GCC_C_LANGUAGE_STANDARD = gnu99;
				GCC_DYNAMIC_NO_PIC = NO;
				GCC_NO_COMMON_BLOCKS = YES;
				GCC_OPTIMIZATION_LEVEL = 0;
				GCC_PREPROCESSOR_DEFINITIONS = (
					"DEBUG=1",
					"$(inherited)",
				);
				GCC_WARN_64_TO_32_BIT_CONVERSION = YES;
				GCC_WARN_ABOUT_RETURN_TYPE = YES_ERROR;
				GCC_WARN_UNDECLARED_SELECTOR = YES;
				GCC_WARN_UNINITIALIZED_AUTOS = YES_AGGRESSIVE;
				GCC_WARN_UNUSED_FUNCTION = YES;
				GCC_WARN_UNUSED_VARIABLE = YES;
				IPHONEOS_DEPLOYMENT_TARGET = 9.3;
				MTL_ENABLE_DEBUG_INFO = YES;
				ONLY_ACTIVE_ARCH = YES;
				SDKROOT = iphoneos;
			};
			name = Debug;
		};
		021D2F941D255034008CE5B0 /* Release */ = {
			isa = XCBuildConfiguration;
			buildSettings = {
				ALWAYS_SEARCH_USER_PATHS = NO;
				CLANG_ANALYZER_NONNULL = YES;
				CLANG_CXX_LANGUAGE_STANDARD = "gnu++0x";
				CLANG_CXX_LIBRARY = "libc++";
				CLANG_ENABLE_MODULES = YES;
				CLANG_ENABLE_OBJC_ARC = YES;
				CLANG_WARN_BOOL_CONVERSION = YES;
				CLANG_WARN_CONSTANT_CONVERSION = YES;
				CLANG_WARN_DIRECT_OBJC_ISA_USAGE = YES_ERROR;
				CLANG_WARN_EMPTY_BODY = YES;
				CLANG_WARN_ENUM_CONVERSION = YES;
				CLANG_WARN_INT_CONVERSION = YES;
				CLANG_WARN_OBJC_ROOT_CLASS = YES_ERROR;
				CLANG_WARN_UNREACHABLE_CODE = YES;
				CLANG_WARN__DUPLICATE_METHOD_MATCH = YES;
				"CODE_SIGN_IDENTITY[sdk=iphoneos*]" = "iPhone Developer";
				COPY_PHASE_STRIP = NO;
				DEBUG_INFORMATION_FORMAT = "dwarf-with-dsym";
				ENABLE_NS_ASSERTIONS = NO;
				ENABLE_STRICT_OBJC_MSGSEND = YES;
				GCC_C_LANGUAGE_STANDARD = gnu99;
				GCC_NO_COMMON_BLOCKS = YES;
				GCC_WARN_64_TO_32_BIT_CONVERSION = YES;
				GCC_WARN_ABOUT_RETURN_TYPE = YES_ERROR;
				GCC_WARN_UNDECLARED_SELECTOR = YES;
				GCC_WARN_UNINITIALIZED_AUTOS = YES_AGGRESSIVE;
				GCC_WARN_UNUSED_FUNCTION = YES;
				GCC_WARN_UNUSED_VARIABLE = YES;
				IPHONEOS_DEPLOYMENT_TARGET = 9.3;
				MTL_ENABLE_DEBUG_INFO = NO;
				SDKROOT = iphoneos;
				VALIDATE_PRODUCT = YES;
			};
			name = Release;
		};
		021D2F961D255034008CE5B0 /* Debug */ = {
			isa = XCBuildConfiguration;
			buildSettings = {
				ASSETCATALOG_COMPILER_APPICON_NAME = AppIcon;
				CODE_SIGN_IDENTITY = "iPhone Developer";
				"CODE_SIGN_IDENTITY[sdk=iphoneos*]" = "iPhone Developer";
				ENABLE_BITCODE = NO;
				FRAMEWORK_SEARCH_PATHS = (
					"$(inherited)",
					"$(PROJECT_DIR)",
				);
				HEADER_SEARCH_PATHS = "${SDKROOT}/usr/include/libxml2";
				INFOPLIST_FILE = illusTrace/Info.plist;
				LD_RUNPATH_SEARCH_PATHS = "$(inherited) @executable_path/Frameworks";
				PRODUCT_BUNDLE_IDENTIFIER = com.illustrace.illusTrace;
				PRODUCT_NAME = "$(TARGET_NAME)";
				PROVISIONING_PROFILE = "";
			};
			name = Debug;
		};
		021D2F971D255034008CE5B0 /* Release */ = {
			isa = XCBuildConfiguration;
			buildSettings = {
				ASSETCATALOG_COMPILER_APPICON_NAME = AppIcon;
				CODE_SIGN_IDENTITY = "iPhone Developer";
				"CODE_SIGN_IDENTITY[sdk=iphoneos*]" = "iPhone Developer";
				ENABLE_BITCODE = NO;
				FRAMEWORK_SEARCH_PATHS = (
					"$(inherited)",
					"$(PROJECT_DIR)",
				);
				HEADER_SEARCH_PATHS = "${SDKROOT}/usr/include/libxml2";
				INFOPLIST_FILE = illusTrace/Info.plist;
				LD_RUNPATH_SEARCH_PATHS = "$(inherited) @executable_path/Frameworks";
				PRODUCT_BUNDLE_IDENTIFIER = com.illustrace.illusTrace;
				PRODUCT_NAME = "$(TARGET_NAME)";
				PROVISIONING_PROFILE = "";
			};
			name = Release;
		};
/* End XCBuildConfiguration section */

/* Begin XCConfigurationList section */
		021D2F791D255034008CE5B0 /* Build configuration list for PBXProject "illusTrace" */ = {
			isa = XCConfigurationList;
			buildConfigurations = (
				021D2F931D255034008CE5B0 /* Debug */,
				021D2F941D255034008CE5B0 /* Release */,
			);
			defaultConfigurationIsVisible = 0;
			defaultConfigurationName = Release;
		};
		021D2F951D255034008CE5B0 /* Build configuration list for PBXNativeTarget "illusTrace" */ = {
			isa = XCConfigurationList;
			buildConfigurations = (
				021D2F961D255034008CE5B0 /* Debug */,
				021D2F971D255034008CE5B0 /* Release */,
			);
			defaultConfigurationIsVisible = 0;
			defaultConfigurationName = Release;
		};
/* End XCConfigurationList section */
	};
	rootObject = 021D2F761D255034008CE5B0 /* Project object */;
}
